
Microsoft Visual Studio Solution File, Format Version 12.00
# Visual Studio Version 17
VisualStudioVersion = 17.5.33502.453
MinimumVisualStudioVersion = 10.0.40219.1
Project("{9A19103F-16F7-4668-BE54-9A1E7A4F7556}") = "AppFornecedor", "Fornecedor\AppFornecedor.csproj", "{798AEFF1-1B70-4352-BB88-42A1D5DA8334}"
EndProject
Global
	GlobalSection(SolutionConfigurationPlatforms) = preSolution
		Debug|Any CPU = Debug|Any CPU
		Release|Any CPU = Release|Any CPU
	EndGlobalSection
	GlobalSection(ProjectConfigurationPlatforms) = postSolution
		{798AEFF1-1B70-4352-BB88-42A1D5DA8334}.Debug|Any CPU.ActiveCfg = Debug|Any CPU
		{798AEFF1-1B70-4352-BB88-42A1D5DA8334}.Debug|Any CPU.Build.0 = Debug|Any CPU
		{798AEFF1-1B70-4352-BB88-42A1D5DA8334}.Release|Any CPU.ActiveCfg = Release|Any CPU
		{798AEFF1-1B70-4352-BB88-42A1D5DA8334}.Release|Any CPU.Build.0 = Release|Any CPU
	EndGlobalSection
	GlobalSection(SolutionProperties) = preSolution
		HideSolutionNode = FALSE
	EndGlobalSection
	GlobalSection(ExtensibilityGlobals) = postSolution
		SolutionGuid = {4A6E6D5E-0943-4FF1-9432-959B296C0215}
	EndGlobalSection
EndGlobal
